
Microsoft Visual Studio Solution File, Format Version 12.00
# Visual Studio Version 16
VisualStudioVersion = 16.0.29503.13
MinimumVisualStudioVersion = 10.0.40219.1
Project("{FAE04EC0-301F-11D3-BF4B-00C04F79EFBC}") = "hikvisionPreviewDemo", "hikvisionPreviewDemo\hikvisionPreviewDemo.csproj", "{B6003679-B9E0-4689-9A92-F43CE4557110}"
EndProject
Global
	GlobalSection(SolutionConfigurationPlatforms) = preSolution
		Debug|Any CPU = Debug|Any CPU
		Release|Any CPU = Release|Any CPU
	EndGlobalSection
	GlobalSection(ProjectConfigurationPlatforms) = postSolution
		{B6003679-B9E0-4689-9A92-F43CE4557110}.Debug|Any CPU.ActiveCfg = Debug|Any CPU
		{B6003679-B9E0-4689-9A92-F43CE4557110}.Debug|Any CPU.Build.0 = Debug|Any CPU
		{B6003679-B9E0-4689-9A92-F43CE4557110}.Release|Any CPU.ActiveCfg = Release|Any CPU
		{B6003679-B9E0-4689-9A92-F43CE4557110}.Release|Any CPU.Build.0 = Release|Any CPU
	EndGlobalSection
	GlobalSection(SolutionProperties) = preSolution
		HideSolutionNode = FALSE
	EndGlobalSection
	GlobalSection(ExtensibilityGlobals) = postSolution
		SolutionGuid = {35B439B6-4FAB-440F-9C21-F04A22EE13A9}
	EndGlobalSection
EndGlobal
